
Microsoft Visual Studio Solution File, Format Version 12.00
# Visual Studio Version 17
VisualStudioVersion = 17.8.34322.80
MinimumVisualStudioVersion = 10.0.40219.1
Project("{FAE04EC0-301F-11D3-BF4B-00C04F79EFBC}") = "DisegnoFunzione", "DisegnoFunzione.csproj", "{07E1B670-ED24-4357-A4D3-A124E23FCFFE}"
EndProject
Global
	GlobalSection(SolutionConfigurationPlatforms) = preSolution
		Debug|Any CPU = Debug|Any CPU
		Release|Any CPU = Release|Any CPU
	EndGlobalSection
	GlobalSection(ProjectConfigurationPlatforms) = postSolution
		{07E1B670-ED24-4357-A4D3-A124E23FCFFE}.Debug|Any CPU.ActiveCfg = Debug|Any CPU
		{07E1B670-ED24-4357-A4D3-A124E23FCFFE}.Debug|Any CPU.Build.0 = Debug|Any CPU
		{07E1B670-ED24-4357-A4D3-A124E23FCFFE}.Release|Any CPU.ActiveCfg = Release|Any CPU
		{07E1B670-ED24-4357-A4D3-A124E23FCFFE}.Release|Any CPU.Build.0 = Release|Any CPU
	EndGlobalSection
	GlobalSection(SolutionProperties) = preSolution
		HideSolutionNode = FALSE
	EndGlobalSection
	GlobalSection(ExtensibilityGlobals) = postSolution
		SolutionGuid = {C4E2E402-1926-41AC-A9F7-C290600C8C6C}
	EndGlobalSection
EndGlobal
